// !$*UTF8*$!
{
	archiveVersion = 1;
	classes = {
	};
	objectVersion = 48;
	objects = {

/* Begin PBXBuildFile section */
		56280BC71F14C329008861DF /* AppDelegate.swift in Sources */ = {isa = PBXBuildFile; fileRef = 56280BC61F14C329008861DF /* AppDelegate.swift */; };
		56280BC91F14C329008861DF /* Assets.scnassets in Resources */ = {isa = PBXBuildFile; fileRef = 56280BC81F14C329008861DF /* Assets.scnassets */; };
		566176B21F1C9D0A003F9DD5 /* ConfigViewController.swift in Sources */ = {isa = PBXBuildFile; fileRef = 566176B11F1C9D0A003F9DD5 /* ConfigViewController.swift */; };
		566F7D421F15C35C00DAB6D7 /* RecordVideoViewController.swift in Sources */ = {isa = PBXBuildFile; fileRef = 56A7155F1F15BEA800F83C9E /* RecordVideoViewController.swift */; };
		566F7D431F15C35C00DAB6D7 /* RootViewController.swift in Sources */ = {isa = PBXBuildFile; fileRef = 56A715601F15BEA800F83C9E /* RootViewController.swift */; };
		566F7D481F15C7EE00DAB6D7 /* Assets.xcassets in Resources */ = {isa = PBXBuildFile; fileRef = 566F7D471F15C7EE00DAB6D7 /* Assets.xcassets */; };
		566F7D4E1F15CA6900DAB6D7 /* UIStoryboard+Extensions.swift in Sources */ = {isa = PBXBuildFile; fileRef = 566F7D4D1F15C92900DAB6D7 /* UIStoryboard+Extensions.swift */; };
		566F7D671F15D02C00DAB6D7 /* LaunchScreen.storyboard in Resources */ = {isa = PBXBuildFile; fileRef = 566F7D651F15CFD900DAB6D7 /* LaunchScreen.storyboard */; };
		566F7D681F15D02F00DAB6D7 /* Main.storyboard in Resources */ = {isa = PBXBuildFile; fileRef = 566F7D661F15CFD900DAB6D7 /* Main.storyboard */; };
		566F7D6E1F161CFA00DAB6D7 /* ScreenRecorder.swift in Sources */ = {isa = PBXBuildFile; fileRef = 566F7D6D1F161CFA00DAB6D7 /* ScreenRecorder.swift */; };
		566F7D701F161D9400DAB6D7 /* WindowUtility.swift in Sources */ = {isa = PBXBuildFile; fileRef = 566F7D6F1F161D9400DAB6D7 /* WindowUtility.swift */; };
		566F7D731F161E2E00DAB6D7 /* ReplayFileUtility.swift in Sources */ = {isa = PBXBuildFile; fileRef = 566F7D721F161E2E00DAB6D7 /* ReplayFileUtility.swift */; };
		566F7D751F161E6600DAB6D7 /* ScreenRecordCoordinator.swift in Sources */ = {isa = PBXBuildFile; fileRef = 566F7D741F161E6600DAB6D7 /* ScreenRecordCoordinator.swift */; };
		566F7D771F170B0400DAB6D7 /* PlaneDetectionViewController.swift in Sources */ = {isa = PBXBuildFile; fileRef = 566F7D761F170B0400DAB6D7 /* PlaneDetectionViewController.swift */; };
		566F7D7B1F1711E700DAB6D7 /* Plane.swift in Sources */ = {isa = PBXBuildFile; fileRef = 566F7D7A1F1711E700DAB6D7 /* Plane.swift */; };
		5676978F1F1DE8C00093F369 /* BR_Eevee-Shiny01.blend in Resources */ = {isa = PBXBuildFile; fileRef = 567697591F1DE8C00093F369 /* BR_Eevee-Shiny01.blend */; };
		567697901F1DE8C00093F369 /* BR_Eevee-Shiny01.mtl in Resources */ = {isa = PBXBuildFile; fileRef = 5676975A1F1DE8C00093F369 /* BR_Eevee-Shiny01.mtl */; };
		567697911F1DE8C00093F369 /* BR_Eevee-Shiny01.obj in Resources */ = {isa = PBXBuildFile; fileRef = 5676975B1F1DE8C00093F369 /* BR_Eevee-Shiny01.obj */; };
		567697921F1DE8C00093F369 /* BR_Eevee-Shiny01.png in Resources */ = {isa = PBXBuildFile; fileRef = 5676975C1F1DE8C00093F369 /* BR_Eevee-Shiny01.png */; };
		567697931F1DE8C00093F369 /* BR_Eevee-Shiny01.x in Resources */ = {isa = PBXBuildFile; fileRef = 5676975D1F1DE8C00093F369 /* BR_Eevee-Shiny01.x */; };
		567697941F1DE8C00093F369 /* BR_Eevee.blend in Resources */ = {isa = PBXBuildFile; fileRef = 5676975E1F1DE8C00093F369 /* BR_Eevee.blend */; };
		567697951F1DE8C00093F369 /* BR_Eevee.mtl in Resources */ = {isa = PBXBuildFile; fileRef = 5676975F1F1DE8C00093F369 /* BR_Eevee.mtl */; };
		567697961F1DE8C00093F369 /* BR_Eevee.obj in Resources */ = {isa = PBXBuildFile; fileRef = 567697601F1DE8C00093F369 /* BR_Eevee.obj */; };
		567697971F1DE8C00093F369 /* BR_Eevee.png in Resources */ = {isa = PBXBuildFile; fileRef = 567697611F1DE8C00093F369 /* BR_Eevee.png */; };
		567697981F1DE8C00093F369 /* BR_Eevee.wav in Resources */ = {isa = PBXBuildFile; fileRef = 567697621F1DE8C00093F369 /* BR_Eevee.wav */; };
		567697991F1DE8C00093F369 /* BR_Eevee.x in Resources */ = {isa = PBXBuildFile; fileRef = 567697631F1DE8C00093F369 /* BR_Eevee.x */; };
		5676979A1F1DE8C00093F369 /* Eevee.blend in Resources */ = {isa = PBXBuildFile; fileRef = 567697641F1DE8C00093F369 /* Eevee.blend */; };
		5676979B1F1DE8C00093F369 /* Eevee.obj in Resources */ = {isa = PBXBuildFile; fileRef = 567697651F1DE8C00093F369 /* Eevee.obj */; };
		5676979C1F1DE8C00093F369 /* Eevee.png in Resources */ = {isa = PBXBuildFile; fileRef = 567697661F1DE8C00093F369 /* Eevee.png */; };
		5676979D1F1DE8C00093F369 /* Eevee.x in Resources */ = {isa = PBXBuildFile; fileRef = 567697671F1DE8C00093F369 /* Eevee.x */; };
		5676979E1F1DE8C00093F369 /* Eievui Posed.blend in Resources */ = {isa = PBXBuildFile; fileRef = 567697681F1DE8C00093F369 /* Eievui Posed.blend */; };
		5676979F1F1DE8C00093F369 /* Eievui Posed.mtl in Resources */ = {isa = PBXBuildFile; fileRef = 567697691F1DE8C00093F369 /* Eievui Posed.mtl */; };
		567697A01F1DE8C00093F369 /* Eievui Posed.obj in Resources */ = {isa = PBXBuildFile; fileRef = 5676976A1F1DE8C00093F369 /* Eievui Posed.obj */; };
		567697A11F1DE8C00093F369 /* Eievui.md5mesh in Resources */ = {isa = PBXBuildFile; fileRef = 5676976B1F1DE8C00093F369 /* Eievui.md5mesh */; };
		567697A21F1DE8C00093F369 /* Eievui.mtl in Resources */ = {isa = PBXBuildFile; fileRef = 5676976C1F1DE8C00093F369 /* Eievui.mtl */; };
		567697A31F1DE8C00093F369 /* Eievui.psk in Resources */ = {isa = PBXBuildFile; fileRef = 5676976D1F1DE8C00093F369 /* Eievui.psk */; };
		567697A41F1DE8C00093F369 /* HELP AND README.txt in Resources */ = {isa = PBXBuildFile; fileRef = 5676976E1F1DE8C00093F369 /* HELP AND README.txt */; };
		567697A51F1DE8C00093F369 /* BR_Eevee-Shiny01_LARGE.schematic in Resources */ = {isa = PBXBuildFile; fileRef = 567697701F1DE8C00093F369 /* BR_Eevee-Shiny01_LARGE.schematic */; };
		567697A61F1DE8C00093F369 /* BR_Eevee-Shiny01_MEDIUM.schematic in Resources */ = {isa = PBXBuildFile; fileRef = 567697711F1DE8C00093F369 /* BR_Eevee-Shiny01_MEDIUM.schematic */; };
		567697A71F1DE8C00093F369 /* BR_Eevee-Shiny01_SMALL.schematic in Resources */ = {isa = PBXBuildFile; fileRef = 567697721F1DE8C00093F369 /* BR_Eevee-Shiny01_SMALL.schematic */; };
		567697A81F1DE8C00093F369 /* BR_Eevee_LARGE.schematic in Resources */ = {isa = PBXBuildFile; fileRef = 567697731F1DE8C00093F369 /* BR_Eevee_LARGE.schematic */; };
		567697A91F1DE8C00093F369 /* BR_Eevee_MEDIUM.schematic in Resources */ = {isa = PBXBuildFile; fileRef = 567697741F1DE8C00093F369 /* BR_Eevee_MEDIUM.schematic */; };
		567697AA1F1DE8C00093F369 /* BR_Eevee_SMALL.schematic in Resources */ = {isa = PBXBuildFile; fileRef = 567697751F1DE8C00093F369 /* BR_Eevee_SMALL.schematic */; };
		567697AB1F1DE8C00093F369 /* Eevee_LARGE.schematic in Resources */ = {isa = PBXBuildFile; fileRef = 567697761F1DE8C00093F369 /* Eevee_LARGE.schematic */; };
		567697AC1F1DE8C00093F369 /* Eevee_MEDIUM.schematic in Resources */ = {isa = PBXBuildFile; fileRef = 567697771F1DE8C00093F369 /* Eevee_MEDIUM.schematic */; };
		567697AD1F1DE8C00093F369 /* Eevee_SMALL.schematic in Resources */ = {isa = PBXBuildFile; fileRef = 567697781F1DE8C00093F369 /* Eevee_SMALL.schematic */; };
		567697AE1F1DE8C00093F369 /* Eievui Posed_LARGE.schematic in Resources */ = {isa = PBXBuildFile; fileRef = 567697791F1DE8C00093F369 /* Eievui Posed_LARGE.schematic */; };
		567697AF1F1DE8C00093F369 /* Eievui Posed_MEDIUM.schematic in Resources */ = {isa = PBXBuildFile; fileRef = 5676977A1F1DE8C00093F369 /* Eievui Posed_MEDIUM.schematic */; };
		567697B01F1DE8C00093F369 /* Eievui Posed_SMALL.schematic in Resources */ = {isa = PBXBuildFile; fileRef = 5676977B1F1DE8C00093F369 /* Eievui Posed_SMALL.schematic */; };
		567697B11F1DE8C00093F369 /* eievui_0_0.tga in Resources */ = {isa = PBXBuildFile; fileRef = 5676977D1F1DE8C00093F369 /* eievui_0_0.tga */; };
		567697B21F1DE8C00093F369 /* eievui_0_1.tga in Resources */ = {isa = PBXBuildFile; fileRef = 5676977E1F1DE8C00093F369 /* eievui_0_1.tga */; };
		567697B31F1DE8C00093F369 /* eievui_0_2.tga in Resources */ = {isa = PBXBuildFile; fileRef = 5676977F1F1DE8C00093F369 /* eievui_0_2.tga */; };
		567697B41F1DE8C00093F369 /* eievui_1_0.tga in Resources */ = {isa = PBXBuildFile; fileRef = 567697801F1DE8C00093F369 /* eievui_1_0.tga */; };
		567697B51F1DE8C00093F369 /* eievui_1_1.tga in Resources */ = {isa = PBXBuildFile; fileRef = 567697811F1DE8C00093F369 /* eievui_1_1.tga */; };
		567697B61F1DE8C00093F369 /* eievui_1_2.tga in Resources */ = {isa = PBXBuildFile; fileRef = 567697821F1DE8C00093F369 /* eievui_1_2.tga */; };
		567697B71F1DE8C00093F369 /* EievuiDh.tga in Resources */ = {isa = PBXBuildFile; fileRef = 567697831F1DE8C00093F369 /* EievuiDh.tga */; };
		567697B81F1DE8C00093F369 /* EievuiEyeDh.tga in Resources */ = {isa = PBXBuildFile; fileRef = 567697841F1DE8C00093F369 /* EievuiEyeDh.tga */; };
		567697B91F1DE8C00093F369 /* EievuiMouthDh.tga in Resources */ = {isa = PBXBuildFile; fileRef = 567697851F1DE8C00093F369 /* EievuiMouthDh.tga */; };
		567697BA1F1DE8C00093F369 /* pm0133_00_Body1.png in Resources */ = {isa = PBXBuildFile; fileRef = 567697861F1DE8C00093F369 /* pm0133_00_Body1.png */; };
		567697BB1F1DE8C00093F369 /* pm0133_00_Eye1.png in Resources */ = {isa = PBXBuildFile; fileRef = 567697871F1DE8C00093F369 /* pm0133_00_Eye1.png */; };
		567697BC1F1DE8C00093F369 /* pm0133_00_Mouth1.png in Resources */ = {isa = PBXBuildFile; fileRef = 567697881F1DE8C00093F369 /* pm0133_00_Mouth1.png */; };
		567697BD1F1DE8C00093F369 /* XY_Eevee.blend in Resources */ = {isa = PBXBuildFile; fileRef = 567697891F1DE8C00093F369 /* XY_Eevee.blend */; };
		567697BE1F1DE8C00093F369 /* XY_Eevee.blend1 in Resources */ = {isa = PBXBuildFile; fileRef = 5676978A1F1DE8C00093F369 /* XY_Eevee.blend1 */; };
		567697BF1F1DE8C00093F369 /* XY_Eevee.fbx in Resources */ = {isa = PBXBuildFile; fileRef = 5676978B1F1DE8C00093F369 /* XY_Eevee.fbx */; };
		567697C01F1DE8C00093F369 /* xy_eevee.mtl in Resources */ = {isa = PBXBuildFile; fileRef = 5676978C1F1DE8C00093F369 /* xy_eevee.mtl */; };
		567697C11F1DE8C00093F369 /* XY_Eevee.obj in Resources */ = {isa = PBXBuildFile; fileRef = 5676978D1F1DE8C00093F369 /* XY_Eevee.obj */; };
		567697C21F1DE8C10093F369 /* XY_Eevee.png in Resources */ = {isa = PBXBuildFile; fileRef = 5676978E1F1DE8C00093F369 /* XY_Eevee.png */; };
		568503161F1876CA004E1B86 /* ARCubeViewController.swift in Sources */ = {isa = PBXBuildFile; fileRef = 568503151F1876CA004E1B86 /* ARCubeViewController.swift */; };
		56EC0CC51F18D4B500D15AE3 /* CollisionCategory.swift in Sources */ = {isa = PBXBuildFile; fileRef = 56EC0CC41F18D4B500D15AE3 /* CollisionCategory.swift */; };
		56EC0CC81F1C8F7900D15AE3 /* Cube.swift in Sources */ = {isa = PBXBuildFile; fileRef = 56EC0CC71F1C8F7900D15AE3 /* Cube.swift */; };
		56EC0CCA1F1C906900D15AE3 /* PBRMaterial.swift in Sources */ = {isa = PBXBuildFile; fileRef = 56EC0CC91F1C906900D15AE3 /* PBRMaterial.swift */; };
		56EC0CCC1F1C90CC00D15AE3 /* Config.swift in Sources */ = {isa = PBXBuildFile; fileRef = 56EC0CCB1F1C90CC00D15AE3 /* Config.swift */; };
/* End PBXBuildFile section */

/* Begin PBXFileReference section */
		56280BC31F14C329008861DF /* ARkitDemo.app */ = {isa = PBXFileReference; explicitFileType = wrapper.application; includeInIndex = 0; path = ARkitDemo.app; sourceTree = BUILT_PRODUCTS_DIR; };
		56280BC61F14C329008861DF /* AppDelegate.swift */ = {isa = PBXFileReference; lastKnownFileType = sourcecode.swift; path = AppDelegate.swift; sourceTree = "<group>"; };
		56280BC81F14C329008861DF /* Assets.scnassets */ = {isa = PBXFileReference; lastKnownFileType = wrapper.scnassets; path = Assets.scnassets; sourceTree = "<group>"; };
		56280BD41F14C329008861DF /* Info.plist */ = {isa = PBXFileReference; lastKnownFileType = text.plist.xml; path = Info.plist; sourceTree = "<group>"; };
		566176B11F1C9D0A003F9DD5 /* ConfigViewController.swift */ = {isa = PBXFileReference; lastKnownFileType = sourcecode.swift; path = ConfigViewController.swift; sourceTree = "<group>"; };
		566F7D471F15C7EE00DAB6D7 /* Assets.xcassets */ = {isa = PBXFileReference; lastKnownFileType = folder.assetcatalog; path = Assets.xcassets; sourceTree = "<group>"; };
		566F7D4D1F15C92900DAB6D7 /* UIStoryboard+Extensions.swift */ = {isa = PBXFileReference; lastKnownFileType = sourcecode.swift; path = "UIStoryboard+Extensions.swift"; sourceTree = "<group>"; };
		566F7D651F15CFD900DAB6D7 /* LaunchScreen.storyboard */ = {isa = PBXFileReference; lastKnownFileType = file.storyboard; path = LaunchScreen.storyboard; sourceTree = "<group>"; };
		566F7D661F15CFD900DAB6D7 /* Main.storyboard */ = {isa = PBXFileReference; lastKnownFileType = file.storyboard; path = Main.storyboard; sourceTree = "<group>"; };
		566F7D6D1F161CFA00DAB6D7 /* ScreenRecorder.swift */ = {isa = PBXFileReference; lastKnownFileType = sourcecode.swift; path = ScreenRecorder.swift; sourceTree = "<group>"; };
		566F7D6F1F161D9400DAB6D7 /* WindowUtility.swift */ = {isa = PBXFileReference; lastKnownFileType = sourcecode.swift; path = WindowUtility.swift; sourceTree = "<group>"; };
		566F7D721F161E2E00DAB6D7 /* ReplayFileUtility.swift */ = {isa = PBXFileReference; lastKnownFileType = sourcecode.swift; path = ReplayFileUtility.swift; sourceTree = "<group>"; };
		566F7D741F161E6600DAB6D7 /* ScreenRecordCoordinator.swift */ = {isa = PBXFileReference; lastKnownFileType = sourcecode.swift; path = ScreenRecordCoordinator.swift; sourceTree = "<group>"; };
		566F7D761F170B0400DAB6D7 /* PlaneDetectionViewController.swift */ = {isa = PBXFileReference; lastKnownFileType = sourcecode.swift; path = PlaneDetectionViewController.swift; sourceTree = "<group>"; };
		566F7D7A1F1711E700DAB6D7 /* Plane.swift */ = {isa = PBXFileReference; lastKnownFileType = sourcecode.swift; path = Plane.swift; sourceTree = "<group>"; };
		567697591F1DE8C00093F369 /* BR_Eevee-Shiny01.blend */ = {isa = PBXFileReference; lastKnownFileType = file; path = "BR_Eevee-Shiny01.blend"; sourceTree = "<group>"; };
		5676975A1F1DE8C00093F369 /* BR_Eevee-Shiny01.mtl */ = {isa = PBXFileReference; fileEncoding = 4; lastKnownFileType = text; path = "BR_Eevee-Shiny01.mtl"; sourceTree = "<group>"; };
		5676975B1F1DE8C00093F369 /* BR_Eevee-Shiny01.obj */ = {isa = PBXFileReference; fileEncoding = 4; lastKnownFileType = text; path = "BR_Eevee-Shiny01.obj"; sourceTree = "<group>"; };
		5676975C1F1DE8C00093F369 /* BR_Eevee-Shiny01.png */ = {isa = PBXFileReference; lastKnownFileType = image.png; path = "BR_Eevee-Shiny01.png"; sourceTree = "<group>"; };
		5676975D1F1DE8C00093F369 /* BR_Eevee-Shiny01.x */ = {isa = PBXFileReference; fileEncoding = 4; lastKnownFileType = text; path = "BR_Eevee-Shiny01.x"; sourceTree = "<group>"; };
		5676975E1F1DE8C00093F369 /* BR_Eevee.blend */ = {isa = PBXFileReference; lastKnownFileType = file; path = BR_Eevee.blend; sourceTree = "<group>"; };
		5676975F1F1DE8C00093F369 /* BR_Eevee.mtl */ = {isa = PBXFileReference; fileEncoding = 4; lastKnownFileType = text; path = BR_Eevee.mtl; sourceTree = "<group>"; };
		567697601F1DE8C00093F369 /* BR_Eevee.obj */ = {isa = PBXFileReference; fileEncoding = 4; lastKnownFileType = text; path = BR_Eevee.obj; sourceTree = "<group>"; };
		567697611F1DE8C00093F369 /* BR_Eevee.png */ = {isa = PBXFileReference; lastKnownFileType = image.png; path = BR_Eevee.png; sourceTree = "<group>"; };
		567697621F1DE8C00093F369 /* BR_Eevee.wav */ = {isa = PBXFileReference; lastKnownFileType = audio.wav; path = BR_Eevee.wav; sourceTree = "<group>"; };
		567697631F1DE8C00093F369 /* BR_Eevee.x */ = {isa = PBXFileReference; fileEncoding = 4; lastKnownFileType = text; path = BR_Eevee.x; sourceTree = "<group>"; };
		567697641F1DE8C00093F369 /* Eevee.blend */ = {isa = PBXFileReference; lastKnownFileType = file; path = Eevee.blend; sourceTree = "<group>"; };
		567697651F1DE8C00093F369 /* Eevee.obj */ = {isa = PBXFileReference; fileEncoding = 4; lastKnownFileType = text; path = Eevee.obj; sourceTree = "<group>"; };
		567697661F1DE8C00093F369 /* Eevee.png */ = {isa = PBXFileReference; lastKnownFileType = image.png; path = Eevee.png; sourceTree = "<group>"; };
		567697671F1DE8C00093F369 /* Eevee.x */ = {isa = PBXFileReference; fileEncoding = 4; lastKnownFileType = text; path = Eevee.x; sourceTree = "<group>"; };
		567697681F1DE8C00093F369 /* Eievui Posed.blend */ = {isa = PBXFileReference; lastKnownFileType = file; path = "Eievui Posed.blend"; sourceTree = "<group>"; };
		567697691F1DE8C00093F369 /* Eievui Posed.mtl */ = {isa = PBXFileReference; fileEncoding = 4; lastKnownFileType = text; path = "Eievui Posed.mtl"; sourceTree = "<group>"; };
		5676976A1F1DE8C00093F369 /* Eievui Posed.obj */ = {isa = PBXFileReference; fileEncoding = 4; lastKnownFileType = text; path = "Eievui Posed.obj"; sourceTree = "<group>"; };
		5676976B1F1DE8C00093F369 /* Eievui.md5mesh */ = {isa = PBXFileReference; fileEncoding = 4; lastKnownFileType = text; path = Eievui.md5mesh; sourceTree = "<group>"; };
		5676976C1F1DE8C00093F369 /* Eievui.mtl */ = {isa = PBXFileReference; fileEncoding = 4; lastKnownFileType = text; path = Eievui.mtl; sourceTree = "<group>"; };
		5676976D1F1DE8C00093F369 /* Eievui.psk */ = {isa = PBXFileReference; lastKnownFileType = file; path = Eievui.psk; sourceTree = "<group>"; };
		5676976E1F1DE8C00093F369 /* HELP AND README.txt */ = {isa = PBXFileReference; fileEncoding = 4; lastKnownFileType = text; path = "HELP AND README.txt"; sourceTree = "<group>"; };
		567697701F1DE8C00093F369 /* BR_Eevee-Shiny01_LARGE.schematic */ = {isa = PBXFileReference; lastKnownFileType = file; path = "BR_Eevee-Shiny01_LARGE.schematic"; sourceTree = "<group>"; };
		567697711F1DE8C00093F369 /* BR_Eevee-Shiny01_MEDIUM.schematic */ = {isa = PBXFileReference; lastKnownFileType = file; path = "BR_Eevee-Shiny01_MEDIUM.schematic"; sourceTree = "<group>"; };
		567697721F1DE8C00093F369 /* BR_Eevee-Shiny01_SMALL.schematic */ = {isa = PBXFileReference; lastKnownFileType = file; path = "BR_Eevee-Shiny01_SMALL.schematic"; sourceTree = "<group>"; };
		567697731F1DE8C00093F369 /* BR_Eevee_LARGE.schematic */ = {isa = PBXFileReference; lastKnownFileType = file; path = BR_Eevee_LARGE.schematic; sourceTree = "<group>"; };
		567697741F1DE8C00093F369 /* BR_Eevee_MEDIUM.schematic */ = {isa = PBXFileReference; lastKnownFileType = file; path = BR_Eevee_MEDIUM.schematic; sourceTree = "<group>"; };
		567697751F1DE8C00093F369 /* BR_Eevee_SMALL.schematic */ = {isa = PBXFileReference; lastKnownFileType = file; path = BR_Eevee_SMALL.schematic; sourceTree = "<group>"; };
		567697761F1DE8C00093F369 /* Eevee_LARGE.schematic */ = {isa = PBXFileReference; lastKnownFileType = file; path = Eevee_LARGE.schematic; sourceTree = "<group>"; };
		567697771F1DE8C00093F369 /* Eevee_MEDIUM.schematic */ = {isa = PBXFileReference; lastKnownFileType = file; path = Eevee_MEDIUM.schematic; sourceTree = "<group>"; };
		567697781F1DE8C00093F369 /* Eevee_SMALL.schematic */ = {isa = PBXFileReference; lastKnownFileType = file; path = Eevee_SMALL.schematic; sourceTree = "<group>"; };
		567697791F1DE8C00093F369 /* Eievui Posed_LARGE.schematic */ = {isa = PBXFileReference; lastKnownFileType = file; path = "Eievui Posed_LARGE.schematic"; sourceTree = "<group>"; };
		5676977A1F1DE8C00093F369 /* Eievui Posed_MEDIUM.schematic */ = {isa = PBXFileReference; lastKnownFileType = file; path = "Eievui Posed_MEDIUM.schematic"; sourceTree = "<group>"; };
		5676977B1F1DE8C00093F369 /* Eievui Posed_SMALL.schematic */ = {isa = PBXFileReference; lastKnownFileType = file; path = "Eievui Posed_SMALL.schematic"; sourceTree = "<group>"; };
		5676977D1F1DE8C00093F369 /* eievui_0_0.tga */ = {isa = PBXFileReference; lastKnownFileType = file; path = eievui_0_0.tga; sourceTree = "<group>"; };
		5676977E1F1DE8C00093F369 /* eievui_0_1.tga */ = {isa = PBXFileReference; lastKnownFileType = file; path = eievui_0_1.tga; sourceTree = "<group>"; };
		5676977F1F1DE8C00093F369 /* eievui_0_2.tga */ = {isa = PBXFileReference; lastKnownFileType = file; path = eievui_0_2.tga; sourceTree = "<group>"; };
		567697801F1DE8C00093F369 /* eievui_1_0.tga */ = {isa = PBXFileReference; lastKnownFileType = file; path = eievui_1_0.tga; sourceTree = "<group>"; };
		567697811F1DE8C00093F369 /* eievui_1_1.tga */ = {isa = PBXFileReference; lastKnownFileType = file; path = eievui_1_1.tga; sourceTree = "<group>"; };
		567697821F1DE8C00093F369 /* eievui_1_2.tga */ = {isa = PBXFileReference; lastKnownFileType = file; path = eievui_1_2.tga; sourceTree = "<group>"; };
		567697831F1DE8C00093F369 /* EievuiDh.tga */ = {isa = PBXFileReference; lastKnownFileType = file; path = EievuiDh.tga; sourceTree = "<group>"; };
		567697841F1DE8C00093F369 /* EievuiEyeDh.tga */ = {isa = PBXFileReference; lastKnownFileType = file; path = EievuiEyeDh.tga; sourceTree = "<group>"; };
		567697851F1DE8C00093F369 /* EievuiMouthDh.tga */ = {isa = PBXFileReference; lastKnownFileType = file; path = EievuiMouthDh.tga; sourceTree = "<group>"; };
		567697861F1DE8C00093F369 /* pm0133_00_Body1.png */ = {isa = PBXFileReference; lastKnownFileType = image.png; path = pm0133_00_Body1.png; sourceTree = "<group>"; };
		567697871F1DE8C00093F369 /* pm0133_00_Eye1.png */ = {isa = PBXFileReference; lastKnownFileType = image.png; path = pm0133_00_Eye1.png; sourceTree = "<group>"; };
		567697881F1DE8C00093F369 /* pm0133_00_Mouth1.png */ = {isa = PBXFileReference; lastKnownFileType = image.png; path = pm0133_00_Mouth1.png; sourceTree = "<group>"; };
		567697891F1DE8C00093F369 /* XY_Eevee.blend */ = {isa = PBXFileReference; lastKnownFileType = file; path = XY_Eevee.blend; sourceTree = "<group>"; };
		5676978A1F1DE8C00093F369 /* XY_Eevee.blend1 */ = {isa = PBXFileReference; lastKnownFileType = file; path = XY_Eevee.blend1; sourceTree = "<group>"; };
		5676978B1F1DE8C00093F369 /* XY_Eevee.fbx */ = {isa = PBXFileReference; lastKnownFileType = file; path = XY_Eevee.fbx; sourceTree = "<group>"; };
		5676978C1F1DE8C00093F369 /* xy_eevee.mtl */ = {isa = PBXFileReference; fileEncoding = 4; lastKnownFileType = text; path = xy_eevee.mtl; sourceTree = "<group>"; };
		5676978D1F1DE8C00093F369 /* XY_Eevee.obj */ = {isa = PBXFileReference; fileEncoding = 4; lastKnownFileType = text; path = XY_Eevee.obj; sourceTree = "<group>"; };
		5676978E1F1DE8C00093F369 /* XY_Eevee.png */ = {isa = PBXFileReference; lastKnownFileType = image.png; path = XY_Eevee.png; sourceTree = "<group>"; };
		568503151F1876CA004E1B86 /* ARCubeViewController.swift */ = {isa = PBXFileReference; lastKnownFileType = sourcecode.swift; path = ARCubeViewController.swift; sourceTree = "<group>"; };
		56A7155F1F15BEA800F83C9E /* RecordVideoViewController.swift */ = {isa = PBXFileReference; lastKnownFileType = sourcecode.swift; path = RecordVideoViewController.swift; sourceTree = "<group>"; };
		56A715601F15BEA800F83C9E /* RootViewController.swift */ = {isa = PBXFileReference; lastKnownFileType = sourcecode.swift; path = RootViewController.swift; sourceTree = "<group>"; };
		56EC0CC41F18D4B500D15AE3 /* CollisionCategory.swift */ = {isa = PBXFileReference; lastKnownFileType = sourcecode.swift; path = CollisionCategory.swift; sourceTree = "<group>"; };
		56EC0CC71F1C8F7900D15AE3 /* Cube.swift */ = {isa = PBXFileReference; lastKnownFileType = sourcecode.swift; path = Cube.swift; sourceTree = "<group>"; };
		56EC0CC91F1C906900D15AE3 /* PBRMaterial.swift */ = {isa = PBXFileReference; lastKnownFileType = sourcecode.swift; path = PBRMaterial.swift; sourceTree = "<group>"; };
		56EC0CCB1F1C90CC00D15AE3 /* Config.swift */ = {isa = PBXFileReference; lastKnownFileType = sourcecode.swift; path = Config.swift; sourceTree = "<group>"; };
/* End PBXFileReference section */

/* Begin PBXFrameworksBuildPhase section */
		56280BC01F14C329008861DF /* Frameworks */ = {
			isa = PBXFrameworksBuildPhase;
			buildActionMask = 2147483647;
			files = (
			);
			runOnlyForDeploymentPostprocessing = 0;
		};
/* End PBXFrameworksBuildPhase section */

/* Begin PBXGroup section */
		56280BBA1F14C329008861DF = {
			isa = PBXGroup;
			children = (
				56280BC51F14C329008861DF /* ARkitDemo */,
				56280BC41F14C329008861DF /* Products */,
			);
			sourceTree = "<group>";
		};
		56280BC41F14C329008861DF /* Products */ = {
			isa = PBXGroup;
			children = (
				56280BC31F14C329008861DF /* ARkitDemo.app */,
			);
			name = Products;
			sourceTree = "<group>";
		};
		56280BC51F14C329008861DF /* ARkitDemo */ = {
			isa = PBXGroup;
			children = (
				567697581F1DE8C00093F369 /* Eevee */,
				56EC0CC61F1C8F6500D15AE3 /* ARCube */,
				566F7D791F1711D800DAB6D7 /* PlaneDetection */,
				56280BC61F14C329008861DF /* AppDelegate.swift */,
				56280BC81F14C329008861DF /* Assets.scnassets */,
				566F7D471F15C7EE00DAB6D7 /* Assets.xcassets */,
				566F7D4C1F15C92900DAB6D7 /* Extensions */,
				56280BD41F14C329008861DF /* Info.plist */,
				566F7D6C1F161CD700DAB6D7 /* ScreenRecord */,
				566F7D641F15CFD900DAB6D7 /* Storyboards */,
				56A7155E1F15BEA800F83C9E /* ViewControllers */,
			);
			path = ARkitDemo;
			sourceTree = "<group>";
		};
		566F7D4C1F15C92900DAB6D7 /* Extensions */ = {
			isa = PBXGroup;
			children = (
				566F7D4D1F15C92900DAB6D7 /* UIStoryboard+Extensions.swift */,
			);
			path = Extensions;
			sourceTree = "<group>";
		};
		566F7D641F15CFD900DAB6D7 /* Storyboards */ = {
			isa = PBXGroup;
			children = (
				566F7D651F15CFD900DAB6D7 /* LaunchScreen.storyboard */,
				566F7D661F15CFD900DAB6D7 /* Main.storyboard */,
			);
			path = Storyboards;
			sourceTree = "<group>";
		};
		566F7D6C1F161CD700DAB6D7 /* ScreenRecord */ = {
			isa = PBXGroup;
			children = (
				566F7D721F161E2E00DAB6D7 /* ReplayFileUtility.swift */,
				566F7D741F161E6600DAB6D7 /* ScreenRecordCoordinator.swift */,
				566F7D6D1F161CFA00DAB6D7 /* ScreenRecorder.swift */,
				566F7D6F1F161D9400DAB6D7 /* WindowUtility.swift */,
			);
			path = ScreenRecord;
			sourceTree = "<group>";
		};
		566F7D791F1711D800DAB6D7 /* PlaneDetection */ = {
			isa = PBXGroup;
			children = (
				566F7D7A1F1711E700DAB6D7 /* Plane.swift */,
			);
			path = PlaneDetection;
			sourceTree = "<group>";
		};
		567697581F1DE8C00093F369 /* Eevee */ = {
			isa = PBXGroup;
			children = (
				567697591F1DE8C00093F369 /* BR_Eevee-Shiny01.blend */,
				5676975A1F1DE8C00093F369 /* BR_Eevee-Shiny01.mtl */,
				5676975B1F1DE8C00093F369 /* BR_Eevee-Shiny01.obj */,
				5676975C1F1DE8C00093F369 /* BR_Eevee-Shiny01.png */,
				5676975D1F1DE8C00093F369 /* BR_Eevee-Shiny01.x */,
				5676975E1F1DE8C00093F369 /* BR_Eevee.blend */,
				5676975F1F1DE8C00093F369 /* BR_Eevee.mtl */,
				567697601F1DE8C00093F369 /* BR_Eevee.obj */,
				567697611F1DE8C00093F369 /* BR_Eevee.png */,
				567697621F1DE8C00093F369 /* BR_Eevee.wav */,
				567697631F1DE8C00093F369 /* BR_Eevee.x */,
				567697641F1DE8C00093F369 /* Eevee.blend */,
				567697651F1DE8C00093F369 /* Eevee.obj */,
				567697661F1DE8C00093F369 /* Eevee.png */,
				567697671F1DE8C00093F369 /* Eevee.x */,
				567697681F1DE8C00093F369 /* Eievui Posed.blend */,
				567697691F1DE8C00093F369 /* Eievui Posed.mtl */,
				5676976A1F1DE8C00093F369 /* Eievui Posed.obj */,
				5676976B1F1DE8C00093F369 /* Eievui.md5mesh */,
				5676976C1F1DE8C00093F369 /* Eievui.mtl */,
				5676976D1F1DE8C00093F369 /* Eievui.psk */,
				5676976E1F1DE8C00093F369 /* HELP AND README.txt */,
				5676976F1F1DE8C00093F369 /* Minecraft */,
				5676977C1F1DE8C00093F369 /* Textures */,
				567697891F1DE8C00093F369 /* XY_Eevee.blend */,
				5676978A1F1DE8C00093F369 /* XY_Eevee.blend1 */,
				5676978B1F1DE8C00093F369 /* XY_Eevee.fbx */,
				5676978C1F1DE8C00093F369 /* xy_eevee.mtl */,
				5676978D1F1DE8C00093F369 /* XY_Eevee.obj */,
				5676978E1F1DE8C00093F369 /* XY_Eevee.png */,
			);
			name = Eevee;
			path = ../../../../Downloads/Eevee;
			sourceTree = "<group>";
		};
		5676976F1F1DE8C00093F369 /* Minecraft */ = {
			isa = PBXGroup;
			children = (
				567697701F1DE8C00093F369 /* BR_Eevee-Shiny01_LARGE.schematic */,
				567697711F1DE8C00093F369 /* BR_Eevee-Shiny01_MEDIUM.schematic */,
				567697721F1DE8C00093F369 /* BR_Eevee-Shiny01_SMALL.schematic */,
				567697731F1DE8C00093F369 /* BR_Eevee_LARGE.schematic */,
				567697741F1DE8C00093F369 /* BR_Eevee_MEDIUM.schematic */,
				567697751F1DE8C00093F369 /* BR_Eevee_SMALL.schematic */,
				567697761F1DE8C00093F369 /* Eevee_LARGE.schematic */,
				567697771F1DE8C00093F369 /* Eevee_MEDIUM.schematic */,
				567697781F1DE8C00093F369 /* Eevee_SMALL.schematic */,
				567697791F1DE8C00093F369 /* Eievui Posed_LARGE.schematic */,
				5676977A1F1DE8C00093F369 /* Eievui Posed_MEDIUM.schematic */,
				5676977B1F1DE8C00093F369 /* Eievui Posed_SMALL.schematic */,
			);
			path = Minecraft;
			sourceTree = "<group>";
		};
		5676977C1F1DE8C00093F369 /* Textures */ = {
			isa = PBXGroup;
			children = (
				5676977D1F1DE8C00093F369 /* eievui_0_0.tga */,
				5676977E1F1DE8C00093F369 /* eievui_0_1.tga */,
				5676977F1F1DE8C00093F369 /* eievui_0_2.tga */,
				567697801F1DE8C00093F369 /* eievui_1_0.tga */,
				567697811F1DE8C00093F369 /* eievui_1_1.tga */,
				567697821F1DE8C00093F369 /* eievui_1_2.tga */,
				567697831F1DE8C00093F369 /* EievuiDh.tga */,
				567697841F1DE8C00093F369 /* EievuiEyeDh.tga */,
				567697851F1DE8C00093F369 /* EievuiMouthDh.tga */,
				567697861F1DE8C00093F369 /* pm0133_00_Body1.png */,
				567697871F1DE8C00093F369 /* pm0133_00_Eye1.png */,
				567697881F1DE8C00093F369 /* pm0133_00_Mouth1.png */,
			);
			path = Textures;
			sourceTree = "<group>";
		};
		56A7155E1F15BEA800F83C9E /* ViewControllers */ = {
			isa = PBXGroup;
			children = (
				56A7155F1F15BEA800F83C9E /* RecordVideoViewController.swift */,
				566F7D761F170B0400DAB6D7 /* PlaneDetectionViewController.swift */,
				56A715601F15BEA800F83C9E /* RootViewController.swift */,
				568503151F1876CA004E1B86 /* ARCubeViewController.swift */,
				566176B11F1C9D0A003F9DD5 /* ConfigViewController.swift */,
			);
			path = ViewControllers;
			sourceTree = "<group>";
		};
		56EC0CC61F1C8F6500D15AE3 /* ARCube */ = {
			isa = PBXGroup;
			children = (
				56EC0CC41F18D4B500D15AE3 /* CollisionCategory.swift */,
				56EC0CC71F1C8F7900D15AE3 /* Cube.swift */,
				56EC0CC91F1C906900D15AE3 /* PBRMaterial.swift */,
				56EC0CCB1F1C90CC00D15AE3 /* Config.swift */,
			);
			path = ARCube;
			sourceTree = "<group>";
		};
/* End PBXGroup section */

/* Begin PBXNativeTarget section */
		56280BC21F14C329008861DF /* ARkitDemo */ = {
			isa = PBXNativeTarget;
			buildConfigurationList = 56280BD71F14C329008861DF /* Build configuration list for PBXNativeTarget "ARkitDemo" */;
			buildPhases = (
				56280BBF1F14C329008861DF /* Sources */,
				56280BC01F14C329008861DF /* Frameworks */,
				56280BC11F14C329008861DF /* Resources */,
			);
			buildRules = (
			);
			dependencies = (
			);
			name = ARkitDemo;
			productName = ARkitDemo;
			productReference = 56280BC31F14C329008861DF /* ARkitDemo.app */;
			productType = "com.apple.product-type.application";
		};
/* End PBXNativeTarget section */

/* Begin PBXProject section */
		56280BBB1F14C329008861DF /* Project object */ = {
			isa = PBXProject;
			attributes = {
				LastSwiftUpdateCheck = 0900;
				LastUpgradeCheck = 0900;
				ORGANIZATIONNAME = "洪德晟";
				TargetAttributes = {
					56280BC21F14C329008861DF = {
						CreatedOnToolsVersion = 9.0;
					};
				};
			};
			buildConfigurationList = 56280BBE1F14C329008861DF /* Build configuration list for PBXProject "ARkitDemo" */;
			compatibilityVersion = "Xcode 8.0";
			developmentRegion = en;
			hasScannedForEncodings = 0;
			knownRegions = (
				en,
				Base,
			);
			mainGroup = 56280BBA1F14C329008861DF;
			productRefGroup = 56280BC41F14C329008861DF /* Products */;
			projectDirPath = "";
			projectRoot = "";
			targets = (
				56280BC21F14C329008861DF /* ARkitDemo */,
			);
		};
/* End PBXProject section */

/* Begin PBXResourcesBuildPhase section */
		56280BC11F14C329008861DF /* Resources */ = {
			isa = PBXResourcesBuildPhase;
			buildActionMask = 2147483647;
			files = (
				567697951F1DE8C00093F369 /* BR_Eevee.mtl in Resources */,
				567697911F1DE8C00093F369 /* BR_Eevee-Shiny01.obj in Resources */,
				5676979B1F1DE8C00093F369 /* Eevee.obj in Resources */,
				5676979F1F1DE8C00093F369 /* Eievui Posed.mtl in Resources */,
				567697B41F1DE8C00093F369 /* eievui_1_0.tga in Resources */,
				567697961F1DE8C00093F369 /* BR_Eevee.obj in Resources */,
				5676978F1F1DE8C00093F369 /* BR_Eevee-Shiny01.blend in Resources */,
				567697C11F1DE8C00093F369 /* XY_Eevee.obj in Resources */,
				567697B21F1DE8C00093F369 /* eievui_0_1.tga in Resources */,
				567697C21F1DE8C10093F369 /* XY_Eevee.png in Resources */,
				567697901F1DE8C00093F369 /* BR_Eevee-Shiny01.mtl in Resources */,
				567697A71F1DE8C00093F369 /* BR_Eevee-Shiny01_SMALL.schematic in Resources */,
				567697A81F1DE8C00093F369 /* BR_Eevee_LARGE.schematic in Resources */,
				567697AC1F1DE8C00093F369 /* Eevee_MEDIUM.schematic in Resources */,
				567697A41F1DE8C00093F369 /* HELP AND README.txt in Resources */,
				567697A91F1DE8C00093F369 /* BR_Eevee_MEDIUM.schematic in Resources */,
				566F7D681F15D02F00DAB6D7 /* Main.storyboard in Resources */,
				567697B81F1DE8C00093F369 /* EievuiEyeDh.tga in Resources */,
				567697AA1F1DE8C00093F369 /* BR_Eevee_SMALL.schematic in Resources */,
				567697BC1F1DE8C00093F369 /* pm0133_00_Mouth1.png in Resources */,
				5676979E1F1DE8C00093F369 /* Eievui Posed.blend in Resources */,
				567697971F1DE8C00093F369 /* BR_Eevee.png in Resources */,
				567697941F1DE8C00093F369 /* BR_Eevee.blend in Resources */,
				567697BE1F1DE8C00093F369 /* XY_Eevee.blend1 in Resources */,
				5676979A1F1DE8C00093F369 /* Eevee.blend in Resources */,
				567697BF1F1DE8C00093F369 /* XY_Eevee.fbx in Resources */,
				567697BD1F1DE8C00093F369 /* XY_Eevee.blend in Resources */,
				567697A21F1DE8C00093F369 /* Eievui.mtl in Resources */,
				567697A61F1DE8C00093F369 /* BR_Eevee-Shiny01_MEDIUM.schematic in Resources */,
				567697BA1F1DE8C00093F369 /* pm0133_00_Body1.png in Resources */,
				566F7D671F15D02C00DAB6D7 /* LaunchScreen.storyboard in Resources */,
				567697B01F1DE8C00093F369 /* Eievui Posed_SMALL.schematic in Resources */,
				567697B61F1DE8C00093F369 /* eievui_1_2.tga in Resources */,
				567697A11F1DE8C00093F369 /* Eievui.md5mesh in Resources */,
				567697991F1DE8C00093F369 /* BR_Eevee.x in Resources */,
				567697A51F1DE8C00093F369 /* BR_Eevee-Shiny01_LARGE.schematic in Resources */,
				567697B71F1DE8C00093F369 /* EievuiDh.tga in Resources */,
				567697B11F1DE8C00093F369 /* eievui_0_0.tga in Resources */,
				5676979C1F1DE8C00093F369 /* Eevee.png in Resources */,
				567697A01F1DE8C00093F369 /* Eievui Posed.obj in Resources */,
				567697BB1F1DE8C00093F369 /* pm0133_00_Eye1.png in Resources */,
				567697C01F1DE8C00093F369 /* xy_eevee.mtl in Resources */,
				567697AD1F1DE8C00093F369 /* Eevee_SMALL.schematic in Resources */,
				567697921F1DE8C00093F369 /* BR_Eevee-Shiny01.png in Resources */,
				56280BC91F14C329008861DF /* Assets.scnassets in Resources */,
				5676979D1F1DE8C00093F369 /* Eevee.x in Resources */,
				567697B31F1DE8C00093F369 /* eievui_0_2.tga in Resources */,
				567697B51F1DE8C00093F369 /* eievui_1_1.tga in Resources */,
				567697A31F1DE8C00093F369 /* Eievui.psk in Resources */,
				567697AF1F1DE8C00093F369 /* Eievui Posed_MEDIUM.schematic in Resources */,
				567697AE1F1DE8C00093F369 /* Eievui Posed_LARGE.schematic in Resources */,
				567697B91F1DE8C00093F369 /* EievuiMouthDh.tga in Resources */,
				567697981F1DE8C00093F369 /* BR_Eevee.wav in Resources */,
				567697931F1DE8C00093F369 /* BR_Eevee-Shiny01.x in Resources */,
				566F7D481F15C7EE00DAB6D7 /* Assets.xcassets in Resources */,
				567697AB1F1DE8C00093F369 /* Eevee_LARGE.schematic in Resources */,
			);
			runOnlyForDeploymentPostprocessing = 0;
		};
/* End PBXResourcesBuildPhase section */

/* Begin PBXSourcesBuildPhase section */
		56280BBF1F14C329008861DF /* Sources */ = {
			isa = PBXSourcesBuildPhase;
			buildActionMask = 2147483647;
			files = (
				566F7D4E1F15CA6900DAB6D7 /* UIStoryboard+Extensions.swift in Sources */,
				56EC0CCA1F1C906900D15AE3 /* PBRMaterial.swift in Sources */,
				56EC0CCC1F1C90CC00D15AE3 /* Config.swift in Sources */,
				566F7D421F15C35C00DAB6D7 /* RecordVideoViewController.swift in Sources */,
				566F7D7B1F1711E700DAB6D7 /* Plane.swift in Sources */,
				566F7D431F15C35C00DAB6D7 /* RootViewController.swift in Sources */,
				566F7D751F161E6600DAB6D7 /* ScreenRecordCoordinator.swift in Sources */,
				566F7D701F161D9400DAB6D7 /* WindowUtility.swift in Sources */,
				566F7D771F170B0400DAB6D7 /* PlaneDetectionViewController.swift in Sources */,
				56EC0CC81F1C8F7900D15AE3 /* Cube.swift in Sources */,
				566176B21F1C9D0A003F9DD5 /* ConfigViewController.swift in Sources */,
				56280BC71F14C329008861DF /* AppDelegate.swift in Sources */,
				56EC0CC51F18D4B500D15AE3 /* CollisionCategory.swift in Sources */,
				568503161F1876CA004E1B86 /* ARCubeViewController.swift in Sources */,
				566F7D6E1F161CFA00DAB6D7 /* ScreenRecorder.swift in Sources */,
				566F7D731F161E2E00DAB6D7 /* ReplayFileUtility.swift in Sources */,
			);
			runOnlyForDeploymentPostprocessing = 0;
		};
/* End PBXSourcesBuildPhase section */

/* Begin XCBuildConfiguration section */
		56280BD51F14C329008861DF /* Debug */ = {
			isa = XCBuildConfiguration;
			buildSettings = {
				ALWAYS_SEARCH_USER_PATHS = NO;
				CLANG_ANALYZER_NONNULL = YES;
				CLANG_ANALYZER_NUMBER_OBJECT_CONVERSION = YES_AGGRESSIVE;
				CLANG_CXX_LANGUAGE_STANDARD = "gnu++14";
				CLANG_CXX_LIBRARY = "libc++";
				CLANG_ENABLE_MODULES = YES;
				CLANG_ENABLE_OBJC_ARC = YES;
				CLANG_WARN_BLOCK_CAPTURE_AUTORELEASING = YES;
				CLANG_WARN_BOOL_CONVERSION = YES;
				CLANG_WARN_COMMA = YES;
				CLANG_WARN_CONSTANT_CONVERSION = YES;
				CLANG_WARN_DIRECT_OBJC_ISA_USAGE = YES_ERROR;
				CLANG_WARN_DOCUMENTATION_COMMENTS = YES;
				CLANG_WARN_EMPTY_BODY = YES;
				CLANG_WARN_ENUM_CONVERSION = YES;
				CLANG_WARN_INFINITE_RECURSION = YES;
				CLANG_WARN_INT_CONVERSION = YES;
				CLANG_WARN_NON_LITERAL_NULL_CONVERSION = YES;
				CLANG_WARN_OBJC_LITERAL_CONVERSION = YES;
				CLANG_WARN_OBJC_ROOT_CLASS = YES_ERROR;
				CLANG_WARN_RANGE_LOOP_ANALYSIS = YES;
				CLANG_WARN_STRICT_PROTOTYPES = YES;
				CLANG_WARN_SUSPICIOUS_MOVE = YES;
				CLANG_WARN_UNGUARDED_AVAILABILITY = YES_AGGRESSIVE;
				CLANG_WARN_UNREACHABLE_CODE = YES;
				CLANG_WARN__DUPLICATE_METHOD_MATCH = YES;
				CODE_SIGN_IDENTITY = "iPhone Developer";
				COPY_PHASE_STRIP = NO;
				DEBUG_INFORMATION_FORMAT = dwarf;
				ENABLE_STRICT_OBJC_MSGSEND = YES;
				ENABLE_TESTABILITY = YES;
				GCC_C_LANGUAGE_STANDARD = gnu11;
				GCC_DYNAMIC_NO_PIC = NO;
				GCC_NO_COMMON_BLOCKS = YES;
				GCC_OPTIMIZATION_LEVEL = 0;
				GCC_PREPROCESSOR_DEFINITIONS = (
					"DEBUG=1",
					"$(inherited)",
				);
				GCC_WARN_64_TO_32_BIT_CONVERSION = YES;
				GCC_WARN_ABOUT_RETURN_TYPE = YES_ERROR;
				GCC_WARN_UNDECLARED_SELECTOR = YES;
				GCC_WARN_UNINITIALIZED_AUTOS = YES_AGGRESSIVE;
				GCC_WARN_UNUSED_FUNCTION = YES;
				GCC_WARN_UNUSED_VARIABLE = YES;
				IPHONEOS_DEPLOYMENT_TARGET = 11.0;
				MTL_ENABLE_DEBUG_INFO = YES;
				ONLY_ACTIVE_ARCH = YES;
				SDKROOT = iphoneos;
				SWIFT_ACTIVE_COMPILATION_CONDITIONS = DEBUG;
				SWIFT_OPTIMIZATION_LEVEL = "-Onone";
			};
			name = Debug;
		};
		56280BD61F14C329008861DF /* Release */ = {
			isa = XCBuildConfiguration;
			buildSettings = {
				ALWAYS_SEARCH_USER_PATHS = NO;
				CLANG_ANALYZER_NONNULL = YES;
				CLANG_ANALYZER_NUMBER_OBJECT_CONVERSION = YES_AGGRESSIVE;
				CLANG_CXX_LANGUAGE_STANDARD = "gnu++14";
				CLANG_CXX_LIBRARY = "libc++";
				CLANG_ENABLE_MODULES = YES;
				CLANG_ENABLE_OBJC_ARC = YES;
				CLANG_WARN_BLOCK_CAPTURE_AUTORELEASING = YES;
				CLANG_WARN_BOOL_CONVERSION = YES;
				CLANG_WARN_COMMA = YES;
				CLANG_WARN_CONSTANT_CONVERSION = YES;
				CLANG_WARN_DIRECT_OBJC_ISA_USAGE = YES_ERROR;
				CLANG_WARN_DOCUMENTATION_COMMENTS = YES;
				CLANG_WARN_EMPTY_BODY = YES;
				CLANG_WARN_ENUM_CONVERSION = YES;
				CLANG_WARN_INFINITE_RECURSION = YES;
				CLANG_WARN_INT_CONVERSION = YES;
				CLANG_WARN_NON_LITERAL_NULL_CONVERSION = YES;
				CLANG_WARN_OBJC_LITERAL_CONVERSION = YES;
				CLANG_WARN_OBJC_ROOT_CLASS = YES_ERROR;
				CLANG_WARN_RANGE_LOOP_ANALYSIS = YES;
				CLANG_WARN_STRICT_PROTOTYPES = YES;
				CLANG_WARN_SUSPICIOUS_MOVE = YES;
				CLANG_WARN_UNGUARDED_AVAILABILITY = YES_AGGRESSIVE;
				CLANG_WARN_UNREACHABLE_CODE = YES;
				CLANG_WARN__DUPLICATE_METHOD_MATCH = YES;
				CODE_SIGN_IDENTITY = "iPhone Developer";
				COPY_PHASE_STRIP = NO;
				DEBUG_INFORMATION_FORMAT = "dwarf-with-dsym";
				ENABLE_NS_ASSERTIONS = NO;
				ENABLE_STRICT_OBJC_MSGSEND = YES;
				GCC_C_LANGUAGE_STANDARD = gnu11;
				GCC_NO_COMMON_BLOCKS = YES;
				GCC_WARN_64_TO_32_BIT_CONVERSION = YES;
				GCC_WARN_ABOUT_RETURN_TYPE = YES_ERROR;
				GCC_WARN_UNDECLARED_SELECTOR = YES;
				GCC_WARN_UNINITIALIZED_AUTOS = YES_AGGRESSIVE;
				GCC_WARN_UNUSED_FUNCTION = YES;
				GCC_WARN_UNUSED_VARIABLE = YES;
				IPHONEOS_DEPLOYMENT_TARGET = 11.0;
				MTL_ENABLE_DEBUG_INFO = NO;
				SDKROOT = iphoneos;
				SWIFT_OPTIMIZATION_LEVEL = "-Owholemodule";
				VALIDATE_PRODUCT = YES;
			};
			name = Release;
		};
		56280BD81F14C329008861DF /* Debug */ = {
			isa = XCBuildConfiguration;
			buildSettings = {
				ASSETCATALOG_COMPILER_APPICON_NAME = AppIcon;
				DEVELOPMENT_TEAM = 8H7X36TF25;
				INFOPLIST_FILE = ARkitDemo/Info.plist;
				LD_RUNPATH_SEARCH_PATHS = "$(inherited) @executable_path/Frameworks";
				PRODUCT_BUNDLE_IDENTIFIER = co.ALPHAcamp.ARkitDemo;
				PRODUCT_NAME = "$(TARGET_NAME)";
				SWIFT_VERSION = 4.0;
				TARGETED_DEVICE_FAMILY = "1,2";
			};
			name = Debug;
		};
		56280BD91F14C329008861DF /* Release */ = {
			isa = XCBuildConfiguration;
			buildSettings = {
				ASSETCATALOG_COMPILER_APPICON_NAME = AppIcon;
				DEVELOPMENT_TEAM = 8H7X36TF25;
				INFOPLIST_FILE = ARkitDemo/Info.plist;
				LD_RUNPATH_SEARCH_PATHS = "$(inherited) @executable_path/Frameworks";
				PRODUCT_BUNDLE_IDENTIFIER = co.ALPHAcamp.ARkitDemo;
				PRODUCT_NAME = "$(TARGET_NAME)";
				SWIFT_VERSION = 4.0;
				TARGETED_DEVICE_FAMILY = "1,2";
			};
			name = Release;
		};
/* End XCBuildConfiguration section */

/* Begin XCConfigurationList section */
		56280BBE1F14C329008861DF /* Build configuration list for PBXProject "ARkitDemo" */ = {
			isa = XCConfigurationList;
			buildConfigurations = (
				56280BD51F14C329008861DF /* Debug */,
				56280BD61F14C329008861DF /* Release */,
			);
			defaultConfigurationIsVisible = 0;
			defaultConfigurationName = Release;
		};
		56280BD71F14C329008861DF /* Build configuration list for PBXNativeTarget "ARkitDemo" */ = {
			isa = XCConfigurationList;
			buildConfigurations = (
				56280BD81F14C329008861DF /* Debug */,
				56280BD91F14C329008861DF /* Release */,
			);
			defaultConfigurationIsVisible = 0;
			defaultConfigurationName = Release;
		};
/* End XCConfigurationList section */
	};
	rootObject = 56280BBB1F14C329008861DF /* Project object */;
}
