// !$*UTF8*$!
{
	archiveVersion = 1;
	classes = {
	};
	objectVersion = 48;
	objects = {

/* Begin PBXBuildFile section */
		56280BC71F14C329008861DF /* AppDelegate.swift in Sources */ = {isa = PBXBuildFile; fileRef = 56280BC61F14C329008861DF /* AppDelegate.swift */; };
		56280BC91F14C329008861DF /* art.scnassets in Resources */ = {isa = PBXBuildFile; fileRef = 56280BC81F14C329008861DF /* art.scnassets */; };
		566F7D421F15C35C00DAB6D7 /* RecordVideoViewController.swift in Sources */ = {isa = PBXBuildFile; fileRef = 56A7155F1F15BEA800F83C9E /* RecordVideoViewController.swift */; };
		566F7D431F15C35C00DAB6D7 /* RootViewController.swift in Sources */ = {isa = PBXBuildFile; fileRef = 56A715601F15BEA800F83C9E /* RootViewController.swift */; };
		566F7D481F15C7EE00DAB6D7 /* Assets.xcassets in Resources */ = {isa = PBXBuildFile; fileRef = 566F7D471F15C7EE00DAB6D7 /* Assets.xcassets */; };
		566F7D4E1F15CA6900DAB6D7 /* UIStoryboard+Extensions.swift in Sources */ = {isa = PBXBuildFile; fileRef = 566F7D4D1F15C92900DAB6D7 /* UIStoryboard+Extensions.swift */; };
		566F7D671F15D02C00DAB6D7 /* LaunchScreen.storyboard in Resources */ = {isa = PBXBuildFile; fileRef = 566F7D651F15CFD900DAB6D7 /* LaunchScreen.storyboard */; };
		566F7D681F15D02F00DAB6D7 /* Main.storyboard in Resources */ = {isa = PBXBuildFile; fileRef = 566F7D661F15CFD900DAB6D7 /* Main.storyboard */; };
		566F7D6E1F161CFA00DAB6D7 /* ScreenRecorder.swift in Sources */ = {isa = PBXBuildFile; fileRef = 566F7D6D1F161CFA00DAB6D7 /* ScreenRecorder.swift */; };
		566F7D701F161D9400DAB6D7 /* WindowUtility.swift in Sources */ = {isa = PBXBuildFile; fileRef = 566F7D6F1F161D9400DAB6D7 /* WindowUtility.swift */; };
		566F7D731F161E2E00DAB6D7 /* ReplayFileUtility.swift in Sources */ = {isa = PBXBuildFile; fileRef = 566F7D721F161E2E00DAB6D7 /* ReplayFileUtility.swift */; };
		566F7D751F161E6600DAB6D7 /* ScreenRecordCoordinator.swift in Sources */ = {isa = PBXBuildFile; fileRef = 566F7D741F161E6600DAB6D7 /* ScreenRecordCoordinator.swift */; };
		566F7D771F170B0400DAB6D7 /* PlaneDetectionViewController.swift in Sources */ = {isa = PBXBuildFile; fileRef = 566F7D761F170B0400DAB6D7 /* PlaneDetectionViewController.swift */; };
		566F7D7B1F1711E700DAB6D7 /* Plane.swift in Sources */ = {isa = PBXBuildFile; fileRef = 566F7D7A1F1711E700DAB6D7 /* Plane.swift */; };
		568503161F1876CA004E1B86 /* ARCubeViewController.swift in Sources */ = {isa = PBXBuildFile; fileRef = 568503151F1876CA004E1B86 /* ARCubeViewController.swift */; };
		56EC0CC51F18D4B500D15AE3 /* CollisionCategory.swift in Sources */ = {isa = PBXBuildFile; fileRef = 56EC0CC41F18D4B500D15AE3 /* CollisionCategory.swift */; };
/* End PBXBuildFile section */

/* Begin PBXFileReference section */
		56280BC31F14C329008861DF /* ARkitDemo.app */ = {isa = PBXFileReference; explicitFileType = wrapper.application; includeInIndex = 0; path = ARkitDemo.app; sourceTree = BUILT_PRODUCTS_DIR; };
		56280BC61F14C329008861DF /* AppDelegate.swift */ = {isa = PBXFileReference; lastKnownFileType = sourcecode.swift; path = AppDelegate.swift; sourceTree = "<group>"; };
		56280BC81F14C329008861DF /* art.scnassets */ = {isa = PBXFileReference; lastKnownFileType = wrapper.scnassets; path = art.scnassets; sourceTree = "<group>"; };
		56280BD41F14C329008861DF /* Info.plist */ = {isa = PBXFileReference; lastKnownFileType = text.plist.xml; path = Info.plist; sourceTree = "<group>"; };
		566F7D471F15C7EE00DAB6D7 /* Assets.xcassets */ = {isa = PBXFileReference; lastKnownFileType = folder.assetcatalog; path = Assets.xcassets; sourceTree = "<group>"; };
		566F7D4D1F15C92900DAB6D7 /* UIStoryboard+Extensions.swift */ = {isa = PBXFileReference; lastKnownFileType = sourcecode.swift; path = "UIStoryboard+Extensions.swift"; sourceTree = "<group>"; };
		566F7D651F15CFD900DAB6D7 /* LaunchScreen.storyboard */ = {isa = PBXFileReference; lastKnownFileType = file.storyboard; path = LaunchScreen.storyboard; sourceTree = "<group>"; };
		566F7D661F15CFD900DAB6D7 /* Main.storyboard */ = {isa = PBXFileReference; lastKnownFileType = file.storyboard; path = Main.storyboard; sourceTree = "<group>"; };
		566F7D6D1F161CFA00DAB6D7 /* ScreenRecorder.swift */ = {isa = PBXFileReference; lastKnownFileType = sourcecode.swift; path = ScreenRecorder.swift; sourceTree = "<group>"; };
		566F7D6F1F161D9400DAB6D7 /* WindowUtility.swift */ = {isa = PBXFileReference; lastKnownFileType = sourcecode.swift; path = WindowUtility.swift; sourceTree = "<group>"; };
		566F7D721F161E2E00DAB6D7 /* ReplayFileUtility.swift */ = {isa = PBXFileReference; lastKnownFileType = sourcecode.swift; path = ReplayFileUtility.swift; sourceTree = "<group>"; };
		566F7D741F161E6600DAB6D7 /* ScreenRecordCoordinator.swift */ = {isa = PBXFileReference; lastKnownFileType = sourcecode.swift; path = ScreenRecordCoordinator.swift; sourceTree = "<group>"; };
		566F7D761F170B0400DAB6D7 /* PlaneDetectionViewController.swift */ = {isa = PBXFileReference; lastKnownFileType = sourcecode.swift; path = PlaneDetectionViewController.swift; sourceTree = "<group>"; };
		566F7D7A1F1711E700DAB6D7 /* Plane.swift */ = {isa = PBXFileReference; lastKnownFileType = sourcecode.swift; path = Plane.swift; sourceTree = "<group>"; };
		568503151F1876CA004E1B86 /* ARCubeViewController.swift */ = {isa = PBXFileReference; lastKnownFileType = sourcecode.swift; path = ARCubeViewController.swift; sourceTree = "<group>"; };
		56A7155F1F15BEA800F83C9E /* RecordVideoViewController.swift */ = {isa = PBXFileReference; lastKnownFileType = sourcecode.swift; path = RecordVideoViewController.swift; sourceTree = "<group>"; };
		56A715601F15BEA800F83C9E /* RootViewController.swift */ = {isa = PBXFileReference; lastKnownFileType = sourcecode.swift; path = RootViewController.swift; sourceTree = "<group>"; };
		56EC0CC41F18D4B500D15AE3 /* CollisionCategory.swift */ = {isa = PBXFileReference; lastKnownFileType = sourcecode.swift; path = CollisionCategory.swift; sourceTree = "<group>"; };
/* End PBXFileReference section */

/* Begin PBXFrameworksBuildPhase section */
		56280BC01F14C329008861DF /* Frameworks */ = {
			isa = PBXFrameworksBuildPhase;
			buildActionMask = 2147483647;
			files = (
			);
			runOnlyForDeploymentPostprocessing = 0;
		};
/* End PBXFrameworksBuildPhase section */

/* Begin PBXGroup section */
		56280BBA1F14C329008861DF = {
			isa = PBXGroup;
			children = (
				56280BC51F14C329008861DF /* ARkitDemo */,
				56280BC41F14C329008861DF /* Products */,
			);
			sourceTree = "<group>";
		};
		56280BC41F14C329008861DF /* Products */ = {
			isa = PBXGroup;
			children = (
				56280BC31F14C329008861DF /* ARkitDemo.app */,
			);
			name = Products;
			sourceTree = "<group>";
		};
		56280BC51F14C329008861DF /* ARkitDemo */ = {
			isa = PBXGroup;
			children = (
				56EC0CC41F18D4B500D15AE3 /* CollisionCategory.swift */,
				566F7D791F1711D800DAB6D7 /* PlaneDetection */,
				56280BC61F14C329008861DF /* AppDelegate.swift */,
				56280BC81F14C329008861DF /* art.scnassets */,
				566F7D471F15C7EE00DAB6D7 /* Assets.xcassets */,
				566F7D4C1F15C92900DAB6D7 /* Extensions */,
				56280BD41F14C329008861DF /* Info.plist */,
				566F7D6C1F161CD700DAB6D7 /* ScreenRecord */,
				566F7D641F15CFD900DAB6D7 /* Storyboards */,
				56A7155E1F15BEA800F83C9E /* ViewControllers */,
			);
			path = ARkitDemo;
			sourceTree = "<group>";
		};
		566F7D4C1F15C92900DAB6D7 /* Extensions */ = {
			isa = PBXGroup;
			children = (
				566F7D4D1F15C92900DAB6D7 /* UIStoryboard+Extensions.swift */,
			);
			path = Extensions;
			sourceTree = "<group>";
		};
		566F7D641F15CFD900DAB6D7 /* Storyboards */ = {
			isa = PBXGroup;
			children = (
				566F7D651F15CFD900DAB6D7 /* LaunchScreen.storyboard */,
				566F7D661F15CFD900DAB6D7 /* Main.storyboard */,
			);
			path = Storyboards;
			sourceTree = "<group>";
		};
		566F7D6C1F161CD700DAB6D7 /* ScreenRecord */ = {
			isa = PBXGroup;
			children = (
				566F7D721F161E2E00DAB6D7 /* ReplayFileUtility.swift */,
				566F7D741F161E6600DAB6D7 /* ScreenRecordCoordinator.swift */,
				566F7D6D1F161CFA00DAB6D7 /* ScreenRecorder.swift */,
				566F7D6F1F161D9400DAB6D7 /* WindowUtility.swift */,
			);
			path = ScreenRecord;
			sourceTree = "<group>";
		};
		566F7D791F1711D800DAB6D7 /* PlaneDetection */ = {
			isa = PBXGroup;
			children = (
				566F7D7A1F1711E700DAB6D7 /* Plane.swift */,
			);
			path = PlaneDetection;
			sourceTree = "<group>";
		};
		56A7155E1F15BEA800F83C9E /* ViewControllers */ = {
			isa = PBXGroup;
			children = (
				56A7155F1F15BEA800F83C9E /* RecordVideoViewController.swift */,
				566F7D761F170B0400DAB6D7 /* PlaneDetectionViewController.swift */,
				56A715601F15BEA800F83C9E /* RootViewController.swift */,
				568503151F1876CA004E1B86 /* ARCubeViewController.swift */,
			);
			path = ViewControllers;
			sourceTree = "<group>";
		};
/* End PBXGroup section */

/* Begin PBXNativeTarget section */
		56280BC21F14C329008861DF /* ARkitDemo */ = {
			isa = PBXNativeTarget;
			buildConfigurationList = 56280BD71F14C329008861DF /* Build configuration list for PBXNativeTarget "ARkitDemo" */;
			buildPhases = (
				56280BBF1F14C329008861DF /* Sources */,
				56280BC01F14C329008861DF /* Frameworks */,
				56280BC11F14C329008861DF /* Resources */,
			);
			buildRules = (
			);
			dependencies = (
			);
			name = ARkitDemo;
			productName = ARkitDemo;
			productReference = 56280BC31F14C329008861DF /* ARkitDemo.app */;
			productType = "com.apple.product-type.application";
		};
/* End PBXNativeTarget section */

/* Begin PBXProject section */
		56280BBB1F14C329008861DF /* Project object */ = {
			isa = PBXProject;
			attributes = {
				LastSwiftUpdateCheck = 0900;
				LastUpgradeCheck = 0900;
				ORGANIZATIONNAME = "洪德晟";
				TargetAttributes = {
					56280BC21F14C329008861DF = {
						CreatedOnToolsVersion = 9.0;
					};
				};
			};
			buildConfigurationList = 56280BBE1F14C329008861DF /* Build configuration list for PBXProject "ARkitDemo" */;
			compatibilityVersion = "Xcode 8.0";
			developmentRegion = en;
			hasScannedForEncodings = 0;
			knownRegions = (
				en,
				Base,
			);
			mainGroup = 56280BBA1F14C329008861DF;
			productRefGroup = 56280BC41F14C329008861DF /* Products */;
			projectDirPath = "";
			projectRoot = "";
			targets = (
				56280BC21F14C329008861DF /* ARkitDemo */,
			);
		};
/* End PBXProject section */

/* Begin PBXResourcesBuildPhase section */
		56280BC11F14C329008861DF /* Resources */ = {
			isa = PBXResourcesBuildPhase;
			buildActionMask = 2147483647;
			files = (
				566F7D681F15D02F00DAB6D7 /* Main.storyboard in Resources */,
				566F7D671F15D02C00DAB6D7 /* LaunchScreen.storyboard in Resources */,
				56280BC91F14C329008861DF /* art.scnassets in Resources */,
				566F7D481F15C7EE00DAB6D7 /* Assets.xcassets in Resources */,
			);
			runOnlyForDeploymentPostprocessing = 0;
		};
/* End PBXResourcesBuildPhase section */

/* Begin PBXSourcesBuildPhase section */
		56280BBF1F14C329008861DF /* Sources */ = {
			isa = PBXSourcesBuildPhase;
			buildActionMask = 2147483647;
			files = (
				566F7D4E1F15CA6900DAB6D7 /* UIStoryboard+Extensions.swift in Sources */,
				566F7D421F15C35C00DAB6D7 /* RecordVideoViewController.swift in Sources */,
				566F7D7B1F1711E700DAB6D7 /* Plane.swift in Sources */,
				566F7D431F15C35C00DAB6D7 /* RootViewController.swift in Sources */,
				566F7D751F161E6600DAB6D7 /* ScreenRecordCoordinator.swift in Sources */,
				566F7D701F161D9400DAB6D7 /* WindowUtility.swift in Sources */,
				566F7D771F170B0400DAB6D7 /* PlaneDetectionViewController.swift in Sources */,
				56280BC71F14C329008861DF /* AppDelegate.swift in Sources */,
				56EC0CC51F18D4B500D15AE3 /* CollisionCategory.swift in Sources */,
				568503161F1876CA004E1B86 /* ARCubeViewController.swift in Sources */,
				566F7D6E1F161CFA00DAB6D7 /* ScreenRecorder.swift in Sources */,
				566F7D731F161E2E00DAB6D7 /* ReplayFileUtility.swift in Sources */,
			);
			runOnlyForDeploymentPostprocessing = 0;
		};
/* End PBXSourcesBuildPhase section */

/* Begin XCBuildConfiguration section */
		56280BD51F14C329008861DF /* Debug */ = {
			isa = XCBuildConfiguration;
			buildSettings = {
				ALWAYS_SEARCH_USER_PATHS = NO;
				CLANG_ANALYZER_NONNULL = YES;
				CLANG_ANALYZER_NUMBER_OBJECT_CONVERSION = YES_AGGRESSIVE;
				CLANG_CXX_LANGUAGE_STANDARD = "gnu++14";
				CLANG_CXX_LIBRARY = "libc++";
				CLANG_ENABLE_MODULES = YES;
				CLANG_ENABLE_OBJC_ARC = YES;
				CLANG_WARN_BLOCK_CAPTURE_AUTORELEASING = YES;
				CLANG_WARN_BOOL_CONVERSION = YES;
				CLANG_WARN_COMMA = YES;
				CLANG_WARN_CONSTANT_CONVERSION = YES;
				CLANG_WARN_DIRECT_OBJC_ISA_USAGE = YES_ERROR;
				CLANG_WARN_DOCUMENTATION_COMMENTS = YES;
				CLANG_WARN_EMPTY_BODY = YES;
				CLANG_WARN_ENUM_CONVERSION = YES;
				CLANG_WARN_INFINITE_RECURSION = YES;
				CLANG_WARN_INT_CONVERSION = YES;
				CLANG_WARN_NON_LITERAL_NULL_CONVERSION = YES;
				CLANG_WARN_OBJC_LITERAL_CONVERSION = YES;
				CLANG_WARN_OBJC_ROOT_CLASS = YES_ERROR;
				CLANG_WARN_RANGE_LOOP_ANALYSIS = YES;
				CLANG_WARN_STRICT_PROTOTYPES = YES;
				CLANG_WARN_SUSPICIOUS_MOVE = YES;
				CLANG_WARN_UNGUARDED_AVAILABILITY = YES_AGGRESSIVE;
				CLANG_WARN_UNREACHABLE_CODE = YES;
				CLANG_WARN__DUPLICATE_METHOD_MATCH = YES;
				CODE_SIGN_IDENTITY = "iPhone Developer";
				COPY_PHASE_STRIP = NO;
				DEBUG_INFORMATION_FORMAT = dwarf;
				ENABLE_STRICT_OBJC_MSGSEND = YES;
				ENABLE_TESTABILITY = YES;
				GCC_C_LANGUAGE_STANDARD = gnu11;
				GCC_DYNAMIC_NO_PIC = NO;
				GCC_NO_COMMON_BLOCKS = YES;
				GCC_OPTIMIZATION_LEVEL = 0;
				GCC_PREPROCESSOR_DEFINITIONS = (
					"DEBUG=1",
					"$(inherited)",
				);
				GCC_WARN_64_TO_32_BIT_CONVERSION = YES;
				GCC_WARN_ABOUT_RETURN_TYPE = YES_ERROR;
				GCC_WARN_UNDECLARED_SELECTOR = YES;
				GCC_WARN_UNINITIALIZED_AUTOS = YES_AGGRESSIVE;
				GCC_WARN_UNUSED_FUNCTION = YES;
				GCC_WARN_UNUSED_VARIABLE = YES;
				IPHONEOS_DEPLOYMENT_TARGET = 11.0;
				MTL_ENABLE_DEBUG_INFO = YES;
				ONLY_ACTIVE_ARCH = YES;
				SDKROOT = iphoneos;
				SWIFT_ACTIVE_COMPILATION_CONDITIONS = DEBUG;
				SWIFT_OPTIMIZATION_LEVEL = "-Onone";
			};
			name = Debug;
		};
		56280BD61F14C329008861DF /* Release */ = {
			isa = XCBuildConfiguration;
			buildSettings = {
				ALWAYS_SEARCH_USER_PATHS = NO;
				CLANG_ANALYZER_NONNULL = YES;
				CLANG_ANALYZER_NUMBER_OBJECT_CONVERSION = YES_AGGRESSIVE;
				CLANG_CXX_LANGUAGE_STANDARD = "gnu++14";
				CLANG_CXX_LIBRARY = "libc++";
				CLANG_ENABLE_MODULES = YES;
				CLANG_ENABLE_OBJC_ARC = YES;
				CLANG_WARN_BLOCK_CAPTURE_AUTORELEASING = YES;
				CLANG_WARN_BOOL_CONVERSION = YES;
				CLANG_WARN_COMMA = YES;
				CLANG_WARN_CONSTANT_CONVERSION = YES;
				CLANG_WARN_DIRECT_OBJC_ISA_USAGE = YES_ERROR;
				CLANG_WARN_DOCUMENTATION_COMMENTS = YES;
				CLANG_WARN_EMPTY_BODY = YES;
				CLANG_WARN_ENUM_CONVERSION = YES;
				CLANG_WARN_INFINITE_RECURSION = YES;
				CLANG_WARN_INT_CONVERSION = YES;
				CLANG_WARN_NON_LITERAL_NULL_CONVERSION = YES;
				CLANG_WARN_OBJC_LITERAL_CONVERSION = YES;
				CLANG_WARN_OBJC_ROOT_CLASS = YES_ERROR;
				CLANG_WARN_RANGE_LOOP_ANALYSIS = YES;
				CLANG_WARN_STRICT_PROTOTYPES = YES;
				CLANG_WARN_SUSPICIOUS_MOVE = YES;
				CLANG_WARN_UNGUARDED_AVAILABILITY = YES_AGGRESSIVE;
				CLANG_WARN_UNREACHABLE_CODE = YES;
				CLANG_WARN__DUPLICATE_METHOD_MATCH = YES;
				CODE_SIGN_IDENTITY = "iPhone Developer";
				COPY_PHASE_STRIP = NO;
				DEBUG_INFORMATION_FORMAT = "dwarf-with-dsym";
				ENABLE_NS_ASSERTIONS = NO;
				ENABLE_STRICT_OBJC_MSGSEND = YES;
				GCC_C_LANGUAGE_STANDARD = gnu11;
				GCC_NO_COMMON_BLOCKS = YES;
				GCC_WARN_64_TO_32_BIT_CONVERSION = YES;
				GCC_WARN_ABOUT_RETURN_TYPE = YES_ERROR;
				GCC_WARN_UNDECLARED_SELECTOR = YES;
				GCC_WARN_UNINITIALIZED_AUTOS = YES_AGGRESSIVE;
				GCC_WARN_UNUSED_FUNCTION = YES;
				GCC_WARN_UNUSED_VARIABLE = YES;
				IPHONEOS_DEPLOYMENT_TARGET = 11.0;
				MTL_ENABLE_DEBUG_INFO = NO;
				SDKROOT = iphoneos;
				SWIFT_OPTIMIZATION_LEVEL = "-Owholemodule";
				VALIDATE_PRODUCT = YES;
			};
			name = Release;
		};
		56280BD81F14C329008861DF /* Debug */ = {
			isa = XCBuildConfiguration;
			buildSettings = {
				ASSETCATALOG_COMPILER_APPICON_NAME = AppIcon;
				DEVELOPMENT_TEAM = 8H7X36TF25;
				INFOPLIST_FILE = ARkitDemo/Info.plist;
				LD_RUNPATH_SEARCH_PATHS = "$(inherited) @executable_path/Frameworks";
				PRODUCT_BUNDLE_IDENTIFIER = co.ALPHAcamp.ARkitDemo;
				PRODUCT_NAME = "$(TARGET_NAME)";
				SWIFT_VERSION = 4.0;
				TARGETED_DEVICE_FAMILY = "1,2";
			};
			name = Debug;
		};
		56280BD91F14C329008861DF /* Release */ = {
			isa = XCBuildConfiguration;
			buildSettings = {
				ASSETCATALOG_COMPILER_APPICON_NAME = AppIcon;
				DEVELOPMENT_TEAM = 8H7X36TF25;
				INFOPLIST_FILE = ARkitDemo/Info.plist;
				LD_RUNPATH_SEARCH_PATHS = "$(inherited) @executable_path/Frameworks";
				PRODUCT_BUNDLE_IDENTIFIER = co.ALPHAcamp.ARkitDemo;
				PRODUCT_NAME = "$(TARGET_NAME)";
				SWIFT_VERSION = 4.0;
				TARGETED_DEVICE_FAMILY = "1,2";
			};
			name = Release;
		};
/* End XCBuildConfiguration section */

/* Begin XCConfigurationList section */
		56280BBE1F14C329008861DF /* Build configuration list for PBXProject "ARkitDemo" */ = {
			isa = XCConfigurationList;
			buildConfigurations = (
				56280BD51F14C329008861DF /* Debug */,
				56280BD61F14C329008861DF /* Release */,
			);
			defaultConfigurationIsVisible = 0;
			defaultConfigurationName = Release;
		};
		56280BD71F14C329008861DF /* Build configuration list for PBXNativeTarget "ARkitDemo" */ = {
			isa = XCConfigurationList;
			buildConfigurations = (
				56280BD81F14C329008861DF /* Debug */,
				56280BD91F14C329008861DF /* Release */,
			);
			defaultConfigurationIsVisible = 0;
			defaultConfigurationName = Release;
		};
/* End XCConfigurationList section */
	};
	rootObject = 56280BBB1F14C329008861DF /* Project object */;
}
